
Microsoft Visual Studio Solution File, Format Version 12.00
# Visual Studio 15
VisualStudioVersion = 15.0.28010.2046
MinimumVisualStudioVersion = 10.0.40219.1
Project("{8BC9CEB8-8B4A-11D0-8D11-00A0C91BC942}") = "Sandbox", "Sandbox\Sandbox.vcxproj", "{27791C4C-3B8D-441C-BE3E-779C2383AECD}"
EndProject
Project("{8BC9CEB8-8B4A-11D0-8D11-00A0C91BC942}") = "Hazel", "Hazel\Hazel.vcxproj", "{0148751C-4AF2-435E-B741-FD5E8BE66E90}"
EndProject
Global
	GlobalSection(SolutionConfigurationPlatforms) = preSolution
		Debug|x64 = Debug|x64
		Release|x64 = Release|x64
	EndGlobalSection
	GlobalSection(ProjectConfigurationPlatforms) = postSolution
		{0148751C-4AF2-435E-B741-FD5E8BE66E90}.Debug|x64.ActiveCfg = Debug|x64
		{0148751C-4AF2-435E-B741-FD5E8BE66E90}.Debug|x64.Build.0 = Debug|x64
		{0148751C-4AF2-435E-B741-FD5E8BE66E90}.Release|x64.ActiveCfg = Release|x64
		{0148751C-4AF2-435E-B741-FD5E8BE66E90}.Release|x64.Build.0 = Release|x64
		{27791C4C-3B8D-441C-BE3E-779C2383AECD}.Debug|x64.ActiveCfg = Debug|x64
		{27791C4C-3B8D-441C-BE3E-779C2383AECD}.Debug|x64.Build.0 = Debug|x64
		{27791C4C-3B8D-441C-BE3E-779C2383AECD}.Release|x64.ActiveCfg = Release|x64
		{27791C4C-3B8D-441C-BE3E-779C2383AECD}.Release|x64.Build.0 = Release|x64
	EndGlobalSection
	GlobalSection(SolutionProperties) = preSolution
		HideSolutionNode = FALSE
	EndGlobalSection
	GlobalSection(ExtensibilityGlobals) = postSolution
		SolutionGuid = {2167B1D0-4EB5-461B-87D7-629A00711743}
	EndGlobalSection
EndGlobal
